// !$*UTF8*$!
{
	archiveVersion = 1;
	classes = {
	};
	objectVersion = 46;
	objects = {

/* Begin PBXBuildFile section */
		324F44EE14F7C6C6003CB4E4 /* Default.png in Resources */ = {isa = PBXBuildFile; fileRef = 324F44ED14F7C6C6003CB4E4 /* Default.png */; };
		324F44F014F7C6CE003CB4E4 /* Default@2x.png in Resources */ = {isa = PBXBuildFile; fileRef = 324F44EF14F7C6CE003CB4E4 /* Default@2x.png */; };
		324F44F214F7C6ED003CB4E4 /* 57.png in Resources */ = {isa = PBXBuildFile; fileRef = 324F44F114F7C6ED003CB4E4 /* 57.png */; };
		324F44F414F7C6F6003CB4E4 /* 114.png in Resources */ = {isa = PBXBuildFile; fileRef = 324F44F314F7C6F6003CB4E4 /* 114.png */; };
		324F44F614F7C759003CB4E4 /* 72.png in Resources */ = {isa = PBXBuildFile; fileRef = 324F44F514F7C759003CB4E4 /* 72.png */; };
		324F44F814F7C76D003CB4E4 /* Default-Portrait~ipad.png in Resources */ = {isa = PBXBuildFile; fileRef = 324F44F714F7C76D003CB4E4 /* Default-Portrait~ipad.png */; };
		847F370D14BEEA3100539FB6 /* Foundation.framework in Frameworks */ = {isa = PBXBuildFile; fileRef = 847F370C14BEEA3100539FB6 /* Foundation.framework */; };
		847F370F14BEEA3100539FB6 /* UIKit.framework in Frameworks */ = {isa = PBXBuildFile; fileRef = 847F370E14BEEA3100539FB6 /* UIKit.framework */; };
		847F371114BEEA3100539FB6 /* CoreGraphics.framework in Frameworks */ = {isa = PBXBuildFile; fileRef = 847F371014BEEA3100539FB6 /* CoreGraphics.framework */; };
		847F371314BEEA3100539FB6 /* AddressBook.framework in Frameworks */ = {isa = PBXBuildFile; fileRef = 847F371214BEEA3100539FB6 /* AddressBook.framework */; };
		847F371514BEEA3100539FB6 /* AddressBookUI.framework in Frameworks */ = {isa = PBXBuildFile; fileRef = 847F371414BEEA3100539FB6 /* AddressBookUI.framework */; };
		847F371714BEEA3100539FB6 /* AudioToolbox.framework in Frameworks */ = {isa = PBXBuildFile; fileRef = 847F371614BEEA3100539FB6 /* AudioToolbox.framework */; };
		847F371914BEEA3100539FB6 /* AVFoundation.framework in Frameworks */ = {isa = PBXBuildFile; fileRef = 847F371814BEEA3100539FB6 /* AVFoundation.framework */; };
		847F371B14BEEA3100539FB6 /* CoreLocation.framework in Frameworks */ = {isa = PBXBuildFile; fileRef = 847F371A14BEEA3100539FB6 /* CoreLocation.framework */; };
		847F371D14BEEA3100539FB6 /* MediaPlayer.framework in Frameworks */ = {isa = PBXBuildFile; fileRef = 847F371C14BEEA3100539FB6 /* MediaPlayer.framework */; };
		847F371F14BEEA3100539FB6 /* QuartzCore.framework in Frameworks */ = {isa = PBXBuildFile; fileRef = 847F371E14BEEA3100539FB6 /* QuartzCore.framework */; };
		847F372114BEEA3100539FB6 /* SystemConfiguration.framework in Frameworks */ = {isa = PBXBuildFile; fileRef = 847F372014BEEA3100539FB6 /* SystemConfiguration.framework */; };
		847F372314BEEA3100539FB6 /* MobileCoreServices.framework in Frameworks */ = {isa = PBXBuildFile; fileRef = 847F372214BEEA3100539FB6 /* MobileCoreServices.framework */; };
		847F372514BEEA3100539FB6 /* CoreMedia.framework in Frameworks */ = {isa = PBXBuildFile; fileRef = 847F372414BEEA3100539FB6 /* CoreMedia.framework */; };
		847F372B14BEEA3100539FB6 /* InfoPlist.strings in Resources */ = {isa = PBXBuildFile; fileRef = 847F372914BEEA3100539FB6 /* InfoPlist.strings */; };
		847F372D14BEEA3100539FB6 /* main.m in Sources */ = {isa = PBXBuildFile; fileRef = 847F372C14BEEA3100539FB6 /* main.m */; };
		847F373014BEEA3100539FB6 /* PhoneGap.framework in Frameworks */ = {isa = PBXBuildFile; fileRef = 847F372F14BEEA3100539FB6 /* PhoneGap.framework */; };
		847F373C14BEEA3100539FB6 /* icon.png in Resources */ = {isa = PBXBuildFile; fileRef = 847F373B14BEEA3100539FB6 /* icon.png */; };
		847F373E14BEEA3100539FB6 /* icon@2x.png in Resources */ = {isa = PBXBuildFile; fileRef = 847F373D14BEEA3100539FB6 /* icon@2x.png */; };
		847F374014BEEA3100539FB6 /* icon-72.png in Resources */ = {isa = PBXBuildFile; fileRef = 847F373F14BEEA3100539FB6 /* icon-72.png */; };
		847F374314BEEA3100539FB6 /* Default.png in Resources */ = {isa = PBXBuildFile; fileRef = 847F374214BEEA3100539FB6 /* Default.png */; };
		847F374514BEEA3100539FB6 /* Default@2x.png in Resources */ = {isa = PBXBuildFile; fileRef = 847F374414BEEA3100539FB6 /* Default@2x.png */; };
		847F374914BEEA3100539FB6 /* PhoneGap.plist in Resources */ = {isa = PBXBuildFile; fileRef = 847F374814BEEA3100539FB6 /* PhoneGap.plist */; };
		847F374D14BEEA3100539FB6 /* AppDelegate.m in Sources */ = {isa = PBXBuildFile; fileRef = 847F374C14BEEA3100539FB6 /* AppDelegate.m */; };
		847F375614BEEA8800539FB6 /* www in Resources */ = {isa = PBXBuildFile; fileRef = 847F375514BEEA8800539FB6 /* www */; };
		93025EA614C970EB007F090D /* Default-Landscape~ipad.png in Resources */ = {isa = PBXBuildFile; fileRef = 93025EA514C970EB007F090D /* Default-Landscape~ipad.png */; };
		93025EA914C9711D007F090D /* icon.png in Resources */ = {isa = PBXBuildFile; fileRef = 93025EA814C9711D007F090D /* icon.png */; };
/* End PBXBuildFile section */

/* Begin PBXFileReference section */
		324F44ED14F7C6C6003CB4E4 /* Default.png */ = {isa = PBXFileReference; lastKnownFileType = image.png; path = Default.png; sourceTree = "<group>"; };
		324F44EF14F7C6CE003CB4E4 /* Default@2x.png */ = {isa = PBXFileReference; lastKnownFileType = image.png; path = "Default@2x.png"; sourceTree = "<group>"; };
		324F44F114F7C6ED003CB4E4 /* 57.png */ = {isa = PBXFileReference; lastKnownFileType = image.png; path = 57.png; sourceTree = "<group>"; };
		324F44F314F7C6F6003CB4E4 /* 114.png */ = {isa = PBXFileReference; lastKnownFileType = image.png; path = 114.png; sourceTree = "<group>"; };
		324F44F514F7C759003CB4E4 /* 72.png */ = {isa = PBXFileReference; lastKnownFileType = image.png; path = 72.png; sourceTree = "<group>"; };
		324F44F714F7C76D003CB4E4 /* Default-Portrait~ipad.png */ = {isa = PBXFileReference; lastKnownFileType = image.png; path = "Default-Portrait~ipad.png"; sourceTree = "<group>"; };
		847F370814BEEA3100539FB6 /* SocknBoots.app */ = {isa = PBXFileReference; explicitFileType = wrapper.application; includeInIndex = 0; path = SocknBoots.app; sourceTree = BUILT_PRODUCTS_DIR; };
		847F370C14BEEA3100539FB6 /* Foundation.framework */ = {isa = PBXFileReference; lastKnownFileType = wrapper.framework; name = Foundation.framework; path = System/Library/Frameworks/Foundation.framework; sourceTree = SDKROOT; };
		847F370E14BEEA3100539FB6 /* UIKit.framework */ = {isa = PBXFileReference; lastKnownFileType = wrapper.framework; name = UIKit.framework; path = System/Library/Frameworks/UIKit.framework; sourceTree = SDKROOT; };
		847F371014BEEA3100539FB6 /* CoreGraphics.framework */ = {isa = PBXFileReference; lastKnownFileType = wrapper.framework; name = CoreGraphics.framework; path = System/Library/Frameworks/CoreGraphics.framework; sourceTree = SDKROOT; };
		847F371214BEEA3100539FB6 /* AddressBook.framework */ = {isa = PBXFileReference; lastKnownFileType = wrapper.framework; name = AddressBook.framework; path = System/Library/Frameworks/AddressBook.framework; sourceTree = SDKROOT; };
		847F371414BEEA3100539FB6 /* AddressBookUI.framework */ = {isa = PBXFileReference; lastKnownFileType = wrapper.framework; name = AddressBookUI.framework; path = System/Library/Frameworks/AddressBookUI.framework; sourceTree = SDKROOT; };
		847F371614BEEA3100539FB6 /* AudioToolbox.framework */ = {isa = PBXFileReference; lastKnownFileType = wrapper.framework; name = AudioToolbox.framework; path = System/Library/Frameworks/AudioToolbox.framework; sourceTree = SDKROOT; };
		847F371814BEEA3100539FB6 /* AVFoundation.framework */ = {isa = PBXFileReference; lastKnownFileType = wrapper.framework; name = AVFoundation.framework; path = System/Library/Frameworks/AVFoundation.framework; sourceTree = SDKROOT; };
		847F371A14BEEA3100539FB6 /* CoreLocation.framework */ = {isa = PBXFileReference; lastKnownFileType = wrapper.framework; name = CoreLocation.framework; path = System/Library/Frameworks/CoreLocation.framework; sourceTree = SDKROOT; };
		847F371C14BEEA3100539FB6 /* MediaPlayer.framework */ = {isa = PBXFileReference; lastKnownFileType = wrapper.framework; name = MediaPlayer.framework; path = System/Library/Frameworks/MediaPlayer.framework; sourceTree = SDKROOT; };
		847F371E14BEEA3100539FB6 /* QuartzCore.framework */ = {isa = PBXFileReference; lastKnownFileType = wrapper.framework; name = QuartzCore.framework; path = System/Library/Frameworks/QuartzCore.framework; sourceTree = SDKROOT; };
		847F372014BEEA3100539FB6 /* SystemConfiguration.framework */ = {isa = PBXFileReference; lastKnownFileType = wrapper.framework; name = SystemConfiguration.framework; path = System/Library/Frameworks/SystemConfiguration.framework; sourceTree = SDKROOT; };
		847F372214BEEA3100539FB6 /* MobileCoreServices.framework */ = {isa = PBXFileReference; lastKnownFileType = wrapper.framework; name = MobileCoreServices.framework; path = System/Library/Frameworks/MobileCoreServices.framework; sourceTree = SDKROOT; };
		847F372414BEEA3100539FB6 /* CoreMedia.framework */ = {isa = PBXFileReference; lastKnownFileType = wrapper.framework; name = CoreMedia.framework; path = System/Library/Frameworks/CoreMedia.framework; sourceTree = SDKROOT; };
		847F372814BEEA3100539FB6 /* SocknBoots-Info.plist */ = {isa = PBXFileReference; lastKnownFileType = text.plist.xml; path = "SocknBoots-Info.plist"; sourceTree = "<group>"; };
		847F372A14BEEA3100539FB6 /* en */ = {isa = PBXFileReference; lastKnownFileType = text.plist.strings; name = en; path = en.lproj/InfoPlist.strings; sourceTree = "<group>"; };
		847F372C14BEEA3100539FB6 /* main.m */ = {isa = PBXFileReference; lastKnownFileType = sourcecode.c.objc; path = main.m; sourceTree = "<group>"; };
		847F372E14BEEA3100539FB6 /* SocknBoots-Prefix.pch */ = {isa = PBXFileReference; lastKnownFileType = sourcecode.c.h; path = "SocknBoots-Prefix.pch"; sourceTree = "<group>"; };
		847F372F14BEEA3100539FB6 /* PhoneGap.framework */ = {isa = PBXFileReference; lastKnownFileType = wrapper.framework; name = PhoneGap.framework; path = /Users/Shared/PhoneGap/Frameworks/PhoneGap.framework; sourceTree = "<absolute>"; };
		847F373B14BEEA3100539FB6 /* icon.png */ = {isa = PBXFileReference; lastKnownFileType = image.png; name = icon.png; path = Resources/icons/icon.png; sourceTree = "<group>"; };
		847F373D14BEEA3100539FB6 /* icon@2x.png */ = {isa = PBXFileReference; lastKnownFileType = image.png; name = "icon@2x.png"; path = "Resources/icons/icon@2x.png"; sourceTree = "<group>"; };
		847F373F14BEEA3100539FB6 /* icon-72.png */ = {isa = PBXFileReference; lastKnownFileType = image.png; name = "icon-72.png"; path = "Resources/icons/icon-72.png"; sourceTree = "<group>"; };
		847F374214BEEA3100539FB6 /* Default.png */ = {isa = PBXFileReference; lastKnownFileType = image.png; name = Default.png; path = Resources/splash/Default.png; sourceTree = "<group>"; };
		847F374414BEEA3100539FB6 /* Default@2x.png */ = {isa = PBXFileReference; lastKnownFileType = image.png; name = "Default@2x.png"; path = "Resources/splash/Default@2x.png"; sourceTree = "<group>"; };
		847F374814BEEA3100539FB6 /* PhoneGap.plist */ = {isa = PBXFileReference; lastKnownFileType = text.plist.xml; path = PhoneGap.plist; sourceTree = "<group>"; };
		847F374B14BEEA3100539FB6 /* AppDelegate.h */ = {isa = PBXFileReference; lastKnownFileType = sourcecode.c.h; name = AppDelegate.h; path = Classes/AppDelegate.h; sourceTree = "<group>"; };
		847F374C14BEEA3100539FB6 /* AppDelegate.m */ = {isa = PBXFileReference; lastKnownFileType = sourcecode.c.objc; name = AppDelegate.m; path = Classes/AppDelegate.m; sourceTree = "<group>"; };
		847F374F14BEEA3100539FB6 /* README */ = {isa = PBXFileReference; lastKnownFileType = text; name = README; path = Plugins/README; sourceTree = "<group>"; };
		847F375514BEEA8800539FB6 /* www */ = {isa = PBXFileReference; lastKnownFileType = folder; name = www; path = ../assets/www; sourceTree = "<group>"; };
		84C16BF814F7FA22002F1815 /* pt */ = {isa = PBXFileReference; lastKnownFileType = text.plist.strings; name = pt; path = pt.lproj/InfoPlist.strings; sourceTree = "<group>"; };
		93025EA514C970EB007F090D /* Default-Landscape~ipad.png */ = {isa = PBXFileReference; lastKnownFileType = image.png; path = "Default-Landscape~ipad.png"; sourceTree = "<group>"; };
		93025EA814C9711D007F090D /* icon.png */ = {isa = PBXFileReference; lastKnownFileType = image.png; path = icon.png; sourceTree = "<group>"; };
		9308C65E14F4D5E000E44AB0 /* es */ = {isa = PBXFileReference; lastKnownFileType = text.plist.strings; name = es; path = es.lproj/InfoPlist.strings; sourceTree = "<group>"; };
/* End PBXFileReference section */

/* Begin PBXFrameworksBuildPhase section */
		847F370214BEEA3100539FB6 /* Frameworks */ = {
			isa = PBXFrameworksBuildPhase;
			buildActionMask = 2147483647;
			files = (
				847F370D14BEEA3100539FB6 /* Foundation.framework in Frameworks */,
				847F370F14BEEA3100539FB6 /* UIKit.framework in Frameworks */,
				847F371114BEEA3100539FB6 /* CoreGraphics.framework in Frameworks */,
				847F371314BEEA3100539FB6 /* AddressBook.framework in Frameworks */,
				847F371514BEEA3100539FB6 /* AddressBookUI.framework in Frameworks */,
				847F371714BEEA3100539FB6 /* AudioToolbox.framework in Frameworks */,
				847F371914BEEA3100539FB6 /* AVFoundation.framework in Frameworks */,
				847F371B14BEEA3100539FB6 /* CoreLocation.framework in Frameworks */,
				847F371D14BEEA3100539FB6 /* MediaPlayer.framework in Frameworks */,
				847F371F14BEEA3100539FB6 /* QuartzCore.framework in Frameworks */,
				847F372114BEEA3100539FB6 /* SystemConfiguration.framework in Frameworks */,
				847F372314BEEA3100539FB6 /* MobileCoreServices.framework in Frameworks */,
				847F372514BEEA3100539FB6 /* CoreMedia.framework in Frameworks */,
				847F373014BEEA3100539FB6 /* PhoneGap.framework in Frameworks */,
			);
			runOnlyForDeploymentPostprocessing = 0;
		};
		847F370514BEEA3100539FB6 /* Frameworks */ = {
			isa = PBXFrameworksBuildPhase;
			buildActionMask = 2147483647;
			files = (
			);
			runOnlyForDeploymentPostprocessing = 0;
		};
/* End PBXFrameworksBuildPhase section */

/* Begin PBXGroup section */
		847F36FA14BEEA3100539FB6 = {
			isa = PBXGroup;
			children = (
				324F44F714F7C76D003CB4E4 /* Default-Portrait~ipad.png */,
				324F44F514F7C759003CB4E4 /* 72.png */,
				324F44F314F7C6F6003CB4E4 /* 114.png */,
				324F44F114F7C6ED003CB4E4 /* 57.png */,
				324F44EF14F7C6CE003CB4E4 /* Default@2x.png */,
				324F44ED14F7C6C6003CB4E4 /* Default.png */,
				93025EA814C9711D007F090D /* icon.png */,
				93025EA514C970EB007F090D /* Default-Landscape~ipad.png */,
				847F375514BEEA8800539FB6 /* www */,
				847F372614BEEA3100539FB6 /* SocknBoots */,
				847F370B14BEEA3100539FB6 /* Frameworks */,
				847F370914BEEA3100539FB6 /* Products */,
			);
			sourceTree = "<group>";
		};
		847F370914BEEA3100539FB6 /* Products */ = {
			isa = PBXGroup;
			children = (
				847F370814BEEA3100539FB6 /* SocknBoots.app */,
			);
			name = Products;
			sourceTree = "<group>";
		};
		847F370B14BEEA3100539FB6 /* Frameworks */ = {
			isa = PBXGroup;
			children = (
				847F372F14BEEA3100539FB6 /* PhoneGap.framework */,
				847F370C14BEEA3100539FB6 /* Foundation.framework */,
				847F370E14BEEA3100539FB6 /* UIKit.framework */,
				847F371014BEEA3100539FB6 /* CoreGraphics.framework */,
				847F371214BEEA3100539FB6 /* AddressBook.framework */,
				847F371414BEEA3100539FB6 /* AddressBookUI.framework */,
				847F371614BEEA3100539FB6 /* AudioToolbox.framework */,
				847F371814BEEA3100539FB6 /* AVFoundation.framework */,
				847F371A14BEEA3100539FB6 /* CoreLocation.framework */,
				847F371C14BEEA3100539FB6 /* MediaPlayer.framework */,
				847F371E14BEEA3100539FB6 /* QuartzCore.framework */,
				847F372014BEEA3100539FB6 /* SystemConfiguration.framework */,
				847F372214BEEA3100539FB6 /* MobileCoreServices.framework */,
				847F372414BEEA3100539FB6 /* CoreMedia.framework */,
			);
			name = Frameworks;
			sourceTree = "<group>";
		};
		847F372614BEEA3100539FB6 /* SocknBoots */ = {
			isa = PBXGroup;
			children = (
				847F373114BEEA3100539FB6 /* Resources */,
				847F374A14BEEA3100539FB6 /* Classes */,
				847F374E14BEEA3100539FB6 /* Plugins */,
				847F372714BEEA3100539FB6 /* Supporting Files */,
			);
			path = SocknBoots;
			sourceTree = "<group>";
		};
		847F372714BEEA3100539FB6 /* Supporting Files */ = {
			isa = PBXGroup;
			children = (
				847F372814BEEA3100539FB6 /* SocknBoots-Info.plist */,
				847F372914BEEA3100539FB6 /* InfoPlist.strings */,
				847F372C14BEEA3100539FB6 /* main.m */,
				847F372E14BEEA3100539FB6 /* SocknBoots-Prefix.pch */,
				847F374814BEEA3100539FB6 /* PhoneGap.plist */,
			);
			name = "Supporting Files";
			sourceTree = "<group>";
		};
		847F373114BEEA3100539FB6 /* Resources */ = {
			isa = PBXGroup;
			children = (
				847F373A14BEEA3100539FB6 /* icons */,
				847F374114BEEA3100539FB6 /* splash */,
			);
			name = Resources;
			sourceTree = "<group>";
		};
		847F373A14BEEA3100539FB6 /* icons */ = {
			isa = PBXGroup;
			children = (
				847F373B14BEEA3100539FB6 /* icon.png */,
				847F373D14BEEA3100539FB6 /* icon@2x.png */,
				847F373F14BEEA3100539FB6 /* icon-72.png */,
			);
			name = icons;
			sourceTree = "<group>";
		};
		847F374114BEEA3100539FB6 /* splash */ = {
			isa = PBXGroup;
			children = (
				847F374214BEEA3100539FB6 /* Default.png */,
				847F374414BEEA3100539FB6 /* Default@2x.png */,
			);
			name = splash;
			sourceTree = "<group>";
		};
		847F374A14BEEA3100539FB6 /* Classes */ = {
			isa = PBXGroup;
			children = (
				847F374B14BEEA3100539FB6 /* AppDelegate.h */,
				847F374C14BEEA3100539FB6 /* AppDelegate.m */,
			);
			name = Classes;
			sourceTree = "<group>";
		};
		847F374E14BEEA3100539FB6 /* Plugins */ = {
			isa = PBXGroup;
			children = (
				847F374F14BEEA3100539FB6 /* README */,
			);
			name = Plugins;
			sourceTree = "<group>";
		};
/* End PBXGroup section */

/* Begin PBXNativeTarget section */
		847F370714BEEA3100539FB6 /* SocknBoots */ = {
			isa = PBXNativeTarget;
			buildConfigurationList = 847F375214BEEA3100539FB6 /* Build configuration list for PBXNativeTarget "SocknBoots" */;
			buildPhases = (
				847F370114BEEA3100539FB6 /* Sources */,
				847F370214BEEA3100539FB6 /* Frameworks */,
				847F370314BEEA3100539FB6 /* Resources */,
				847F370414BEEA3100539FB6 /* Sources */,
				847F370514BEEA3100539FB6 /* Frameworks */,
				847F370614BEEA3100539FB6 /* ShellScript */,
			);
			buildRules = (
			);
			dependencies = (
			);
			name = SocknBoots;
			productName = SocknBoots;
			productReference = 847F370814BEEA3100539FB6 /* SocknBoots.app */;
			productType = "com.apple.product-type.application";
		};
/* End PBXNativeTarget section */

/* Begin PBXProject section */
		847F36FC14BEEA3100539FB6 /* Project object */ = {
			isa = PBXProject;
			attributes = {
				LastUpgradeCheck = 0420;
			};
			buildConfigurationList = 847F36FF14BEEA3100539FB6 /* Build configuration list for PBXProject "SocknBoots" */;
			compatibilityVersion = "Xcode 3.2";
			developmentRegion = English;
			hasScannedForEncodings = 0;
			knownRegions = (
				en,
				es,
				"es-ES",
				pt,
			);
			mainGroup = 847F36FA14BEEA3100539FB6;
			productRefGroup = 847F370914BEEA3100539FB6 /* Products */;
			projectDirPath = "";
			projectRoot = "";
			targets = (
				847F370714BEEA3100539FB6 /* SocknBoots */,
			);
		};
/* End PBXProject section */

/* Begin PBXResourcesBuildPhase section */
		847F370314BEEA3100539FB6 /* Resources */ = {
			isa = PBXResourcesBuildPhase;
			buildActionMask = 2147483647;
			files = (
				847F372B14BEEA3100539FB6 /* InfoPlist.strings in Resources */,
				847F373C14BEEA3100539FB6 /* icon.png in Resources */,
				847F373E14BEEA3100539FB6 /* icon@2x.png in Resources */,
				847F374014BEEA3100539FB6 /* icon-72.png in Resources */,
				847F374314BEEA3100539FB6 /* Default.png in Resources */,
				847F374514BEEA3100539FB6 /* Default@2x.png in Resources */,
				847F374914BEEA3100539FB6 /* PhoneGap.plist in Resources */,
				847F375614BEEA8800539FB6 /* www in Resources */,
				93025EA614C970EB007F090D /* Default-Landscape~ipad.png in Resources */,
				93025EA914C9711D007F090D /* icon.png in Resources */,
				324F44EE14F7C6C6003CB4E4 /* Default.png in Resources */,
				324F44F014F7C6CE003CB4E4 /* Default@2x.png in Resources */,
				324F44F214F7C6ED003CB4E4 /* 57.png in Resources */,
				324F44F414F7C6F6003CB4E4 /* 114.png in Resources */,
				324F44F614F7C759003CB4E4 /* 72.png in Resources */,
				324F44F814F7C76D003CB4E4 /* Default-Portrait~ipad.png in Resources */,
			);
			runOnlyForDeploymentPostprocessing = 0;
		};
/* End PBXResourcesBuildPhase section */

/* Begin PBXShellScriptBuildPhase section */
		847F370614BEEA3100539FB6 /* ShellScript */ = {
			isa = PBXShellScriptBuildPhase;
			buildActionMask = 2147483647;
			files = (
			);
			inputPaths = (
			);
			outputPaths = (
			);
			runOnlyForDeploymentPostprocessing = 0;
			shellPath = /bin/bash;
			shellScript = "\n\t\t\t\t\t\t\t\tif [ ! -d \"$PROJECT_DIR/www\" ] ; then\n\t\t\t\t\t\t\t\t\tcp -R /Users/Shared/PhoneGap/Frameworks/PhoneGap.framework/www \"$PROJECT_DIR\"\n\t\t\t\t\t\t\t\tfi\n\t\t\t\t\t\t\t\t# detect www folder reference in project, if missing, print warning\n\t\t\t\t\t\t\t\tgrep \"{isa = PBXFileReference; lastKnownFileType = folder; path = www; sourceTree = \\\"<group>\\\"; };\" \"$PROJECT_DIR/$PROJECT_NAME.xcodeproj/project.pbxproj\"\n\t\t\t\t\t\t\t\trc=$? \n\t\t\t\t\t\t\t\tif [ $rc != 0 ] ; then\n\t\t\t\t\t\t\t\techo -e \"warning: Missing - Add $PROJECT_DIR/www as a folder reference in your project. Just drag and drop the folder into your project, into the Project Navigator of Xcode 4. Make sure you select the second radio-button: 'Create folder references for any added folders' (which will create a blue folder)\" 1>&2\n\t\t\t\t\t\t\t\tfi\t\t\t\t\t\t\t";
		};
/* End PBXShellScriptBuildPhase section */

/* Begin PBXSourcesBuildPhase section */
		847F370114BEEA3100539FB6 /* Sources */ = {
			isa = PBXSourcesBuildPhase;
			buildActionMask = 2147483647;
			files = (
				847F372D14BEEA3100539FB6 /* main.m in Sources */,
				847F374D14BEEA3100539FB6 /* AppDelegate.m in Sources */,
			);
			runOnlyForDeploymentPostprocessing = 0;
		};
		847F370414BEEA3100539FB6 /* Sources */ = {
			isa = PBXSourcesBuildPhase;
			buildActionMask = 2147483647;
			files = (
			);
			runOnlyForDeploymentPostprocessing = 0;
		};
/* End PBXSourcesBuildPhase section */

/* Begin PBXVariantGroup section */
		847F372914BEEA3100539FB6 /* InfoPlist.strings */ = {
			isa = PBXVariantGroup;
			children = (
				847F372A14BEEA3100539FB6 /* en */,
				9308C65E14F4D5E000E44AB0 /* es */,
				84C16BF814F7FA22002F1815 /* pt */,
			);
			name = InfoPlist.strings;
			path = SocknBoots;
			sourceTree = SOURCE_ROOT;
		};
/* End PBXVariantGroup section */

/* Begin XCBuildConfiguration section */
		847F375014BEEA3100539FB6 /* Debug */ = {
			isa = XCBuildConfiguration;
			buildSettings = {
				ALWAYS_SEARCH_USER_PATHS = NO;
				ARCHS = (
					armv6,
					armv7,
					"$(ARCHS_STANDARD_32_BIT)",
				);
				CLANG_ENABLE_OBJC_ARC = YES;
				CODE_SIGN_IDENTITY = "iPhone Distribution: Michael Nikitochkin";
				"CODE_SIGN_IDENTITY[sdk=iphoneos*]" = "iPhone Distribution: Michael Nikitochkin";
				COPY_PHASE_STRIP = NO;
				GCC_C_LANGUAGE_STANDARD = gnu99;
				GCC_DYNAMIC_NO_PIC = NO;
				GCC_OPTIMIZATION_LEVEL = 0;
				GCC_PREPROCESSOR_DEFINITIONS = (
					"DEBUG=1",
					"$(inherited)",
				);
				GCC_SYMBOLS_PRIVATE_EXTERN = NO;
				GCC_VERSION = com.apple.compilers.llvmgcc42;
				GCC_WARN_ABOUT_MISSING_PROTOTYPES = YES;
				GCC_WARN_ABOUT_RETURN_TYPE = YES;
				GCC_WARN_UNUSED_VARIABLE = YES;
				IPHONEOS_DEPLOYMENT_TARGET = 4.0;
				PROVISIONING_PROFILE = "FC9B0402-C208-42F6-8824-158D86C0A067";
				"PROVISIONING_PROFILE[sdk=iphoneos*]" = "674DE000-D464-498E-9515-C5740FAE1BCF";
				SDKROOT = iphoneos;
			};
			name = Debug;
		};
		847F375114BEEA3100539FB6 /* Release */ = {
			isa = XCBuildConfiguration;
			buildSettings = {
				ALWAYS_SEARCH_USER_PATHS = NO;
				ARCHS = (
					armv6,
					armv7,
					"$(ARCHS_STANDARD_32_BIT)",
				);
				CLANG_ENABLE_OBJC_ARC = YES;
				CODE_SIGN_IDENTITY = "iPhone Distribution: Michael Nikitochkin";
				"CODE_SIGN_IDENTITY[sdk=iphoneos*]" = "iPhone Distribution: Michael Nikitochkin";
				COPY_PHASE_STRIP = YES;
				GCC_C_LANGUAGE_STANDARD = gnu99;
				GCC_VERSION = com.apple.compilers.llvmgcc42;
				GCC_WARN_ABOUT_MISSING_PROTOTYPES = YES;
				GCC_WARN_ABOUT_RETURN_TYPE = YES;
				GCC_WARN_UNUSED_VARIABLE = YES;
				IPHONEOS_DEPLOYMENT_TARGET = 4.0;
				PROVISIONING_PROFILE = "FC9B0402-C208-42F6-8824-158D86C0A067";
				"PROVISIONING_PROFILE[sdk=iphoneos*]" = "674DE000-D464-498E-9515-C5740FAE1BCF";
				SDKROOT = iphoneos;
				VALIDATE_PRODUCT = YES;
			};
			name = Release;
		};
		847F375314BEEA3100539FB6 /* Debug */ = {
			isa = XCBuildConfiguration;
			buildSettings = {
				ALWAYS_SEARCH_USER_PATHS = YES;
				ARCHS = (
					armv6,
					armv7,
					i386,
				);
				COPY_PHASE_STRIP = NO;
				FRAMEWORK_SEARCH_PATHS = /Users/Shared/PhoneGap/Frameworks;
				GCC_DYNAMIC_NO_PIC = NO;
				GCC_PRECOMPILE_PREFIX_HEADER = YES;
				GCC_PREFIX_HEADER = "SocknBoots/SocknBoots-Prefix.pch";
				GCC_PREPROCESSOR_DEFINITIONS = "PHONEGAP_FRAMEWORK=YES";
				INFOPLIST_FILE = "SocknBoots/SocknBoots-Info.plist";
				IPHONEOS_DEPLOYMENT_TARGET = 4.0;
				OTHER_LDFLAGS = (
					"-weak_framework",
					UIKit,
					"-weak_framework",
					AVFoundation,
					"-weak_framework",
					CoreMedia,
					"-weak_library",
					/usr/lib/libSystem.B.dylib,
				);
				PRODUCT_NAME = "$(TARGET_NAME)";
				TARGETED_DEVICE_FAMILY = "1,2";
				WRAPPER_EXTENSION = app;
			};
			name = Debug;
		};
		847F375414BEEA3100539FB6 /* Release */ = {
			isa = XCBuildConfiguration;
			buildSettings = {
				ALWAYS_SEARCH_USER_PATHS = YES;
				ARCHS = (
					armv6,
					armv7,
				);
				COPY_PHASE_STRIP = YES;
				DEBUG_INFORMATION_FORMAT = "dwarf-with-dsym";
				FRAMEWORK_SEARCH_PATHS = /Users/Shared/PhoneGap/Frameworks;
				GCC_PRECOMPILE_PREFIX_HEADER = YES;
				GCC_PREFIX_HEADER = "SocknBoots/SocknBoots-Prefix.pch";
				GCC_PREPROCESSOR_DEFINITIONS = "PHONEGAP_FRAMEWORK=YES";
				INFOPLIST_FILE = "SocknBoots/SocknBoots-Info.plist";
				IPHONEOS_DEPLOYMENT_TARGET = 4.0;
				OTHER_LDFLAGS = (
					"-weak_framework",
					UIKit,
					"-weak_framework",
					AVFoundation,
					"-weak_framework",
					CoreMedia,
					"-weak_library",
					/usr/lib/libSystem.B.dylib,
				);
				PRODUCT_NAME = "$(TARGET_NAME)";
				TARGETED_DEVICE_FAMILY = "1,2";
				VALIDATE_PRODUCT = YES;
				WRAPPER_EXTENSION = app;
			};
			name = Release;
		};
/* End XCBuildConfiguration section */

/* Begin XCConfigurationList section */
		847F36FF14BEEA3100539FB6 /* Build configuration list for PBXProject "SocknBoots" */ = {
			isa = XCConfigurationList;
			buildConfigurations = (
				847F375014BEEA3100539FB6 /* Debug */,
				847F375114BEEA3100539FB6 /* Release */,
			);
			defaultConfigurationIsVisible = 0;
			defaultConfigurationName = Release;
		};
		847F375214BEEA3100539FB6 /* Build configuration list for PBXNativeTarget "SocknBoots" */ = {
			isa = XCConfigurationList;
			buildConfigurations = (
				847F375314BEEA3100539FB6 /* Debug */,
				847F375414BEEA3100539FB6 /* Release */,
			);
			defaultConfigurationIsVisible = 0;
			defaultConfigurationName = Release;
		};
/* End XCConfigurationList section */
	};
	rootObject = 847F36FC14BEEA3100539FB6 /* Project object */;
}
